
Microsoft Visual Studio Solution File, Format Version 12.00
# Visual Studio Version 17
VisualStudioVersion = 17.7.34024.191
MinimumVisualStudioVersion = 10.0.40219.1
Project("{FAE04EC0-301F-11D3-BF4B-00C04F79EFBC}") = "MyJumper", "MyJumper.csproj", "{C2D928B3-C852-47BF-9D8F-AFA2F072766A}"
EndProject
Global
	GlobalSection(SolutionConfigurationPlatforms) = preSolution
		Debug|Any CPU = Debug|Any CPU
		Release|Any CPU = Release|Any CPU
	EndGlobalSection
	GlobalSection(ProjectConfigurationPlatforms) = postSolution
		{C2D928B3-C852-47BF-9D8F-AFA2F072766A}.Debug|Any CPU.ActiveCfg = Debug|Any CPU
		{C2D928B3-C852-47BF-9D8F-AFA2F072766A}.Debug|Any CPU.Build.0 = Debug|Any CPU
		{C2D928B3-C852-47BF-9D8F-AFA2F072766A}.Release|Any CPU.ActiveCfg = Release|Any CPU
		{C2D928B3-C852-47BF-9D8F-AFA2F072766A}.Release|Any CPU.Build.0 = Release|Any CPU
	EndGlobalSection
	GlobalSection(SolutionProperties) = preSolution
		HideSolutionNode = FALSE
	EndGlobalSection
	GlobalSection(ExtensibilityGlobals) = postSolution
		SolutionGuid = {BB2D67C9-7109-49D8-9DE0-59AB3537C696}
	EndGlobalSection
EndGlobal
